
Microsoft Visual Studio Solution File, Format Version 12.00
# Visual Studio Version 17
VisualStudioVersion = 17.3.32811.315
MinimumVisualStudioVersion = 10.0.40219.1
Project("{2150E333-8FDC-42A3-9474-1A3956D46DE8}") = "UI", "UI", "{793B9D90-DE72-4226-84E8-93FD63548874}"
EndProject
Project("{9A19103F-16F7-4668-BE54-9A1E7A4F7556}") = "WPF", "UI\WPF\WPF.csproj", "{3AA7DF74-5CC3-475B-A4AD-5091F46DC1EE}"
EndProject
Project("{9A19103F-16F7-4668-BE54-9A1E7A4F7556}") = "WPF.Controls", "UI\WPF.Controls\WPF.Controls.csproj", "{A4FD3349-F779-4C60-A19B-AE11811391B2}"
EndProject
Project("{2150E333-8FDC-42A3-9474-1A3956D46DE8}") = "App", "App", "{10A06ACB-8070-4108-9BF9-AD48D546B56D}"
EndProject
Project("{9A19103F-16F7-4668-BE54-9A1E7A4F7556}") = "WeddingBooth", "App\WeddingBooth\WeddingBooth.csproj", "{C305A888-FCC8-43B2-8929-30CE1BE359F6}"
EndProject
Project("{2150E333-8FDC-42A3-9474-1A3956D46DE8}") = "Media", "Media", "{83503C82-E463-4365-B2AE-329130CAF171}"
EndProject
Project("{9A19103F-16F7-4668-BE54-9A1E7A4F7556}") = "Capture", "Media\Capture\Capture.csproj", "{5D01AFDC-523E-4544-BC09-2A0070CCF1B1}"
EndProject
Project("{2150E333-8FDC-42A3-9474-1A3956D46DE8}") = "Framework", "Framework", "{B5E7FD5D-BC66-4679-9029-B4085F8A79F8}"
EndProject
Project("{9A19103F-16F7-4668-BE54-9A1E7A4F7556}") = "Core", "Framework\Core\Core.csproj", "{CD43711C-1732-49B1-8120-872135F8491D}"
EndProject
Project("{9A19103F-16F7-4668-BE54-9A1E7A4F7556}") = "WPF", "Framework\WPF\WPF.csproj", "{C95B3533-5FDA-4AEB-B396-B062D4A05625}"
EndProject
Project("{9A19103F-16F7-4668-BE54-9A1E7A4F7556}") = "Microcontroller", "Framework\Microcontroller\Microcontroller.csproj", "{17E6C9EB-C028-4660-B540-3F4739E6F1BE}"
EndProject
Project("{9A19103F-16F7-4668-BE54-9A1E7A4F7556}") = "Serial", "Framework\Serial\Serial.csproj", "{22EA460A-DFD9-449E-842E-C26F7D1AA58A}"
EndProject
Project("{9A19103F-16F7-4668-BE54-9A1E7A4F7556}") = "Camera", "Framework\Camera\Camera.csproj", "{AEFB4BF2-44E5-4E18-8ACF-D884F63CCA30}"
EndProject
Project("{9A19103F-16F7-4668-BE54-9A1E7A4F7556}") = "Avalonia", "Framework\Avalonia\Avalonia.csproj", "{3186C912-CAA0-4313-9A5A-C6D4A0E223AE}"
EndProject
Project("{9A19103F-16F7-4668-BE54-9A1E7A4F7556}") = "Builder", "App\WeddingBuilder\Builder.csproj", "{8FDF4C55-1C8E-488C-8D4F-66F04BE6299D}"
EndProject
Project("{9A19103F-16F7-4668-BE54-9A1E7A4F7556}") = "Avalonia", "UI\Avalonia\Avalonia.csproj", "{E81C81B3-3FF3-4E1C-B348-C7997D892020}"
EndProject
Project("{9A19103F-16F7-4668-BE54-9A1E7A4F7556}") = "UI", "UI\UI\UI.csproj", "{3094D318-5B54-4367-8195-D47FB431FCB2}"
EndProject
Project("{9A19103F-16F7-4668-BE54-9A1E7A4F7556}") = "Avalonia.Controls", "UI\Avalonia.Controls\Avalonia.Controls.csproj", "{DD446126-ABF5-452B-AE93-89A6E6EEF5E5}"
EndProject
Project("{FAE04EC0-301F-11D3-BF4B-00C04F79EFBC}") = "KingPing", "App\KingPing\KingPing.csproj", "{8AE9C2EB-C36D-4122-BE61-A5EEC8BBE8E7}"
EndProject
Global
	GlobalSection(SolutionConfigurationPlatforms) = preSolution
		Debug|Any CPU = Debug|Any CPU
		Debug|x64 = Debug|x64
		Release|Any CPU = Release|Any CPU
		Release|x64 = Release|x64
	EndGlobalSection
	GlobalSection(ProjectConfigurationPlatforms) = postSolution
		{3AA7DF74-5CC3-475B-A4AD-5091F46DC1EE}.Debug|Any CPU.ActiveCfg = Debug|Any CPU
		{3AA7DF74-5CC3-475B-A4AD-5091F46DC1EE}.Debug|Any CPU.Build.0 = Debug|Any CPU
		{3AA7DF74-5CC3-475B-A4AD-5091F46DC1EE}.Debug|x64.ActiveCfg = Debug|Any CPU
		{3AA7DF74-5CC3-475B-A4AD-5091F46DC1EE}.Debug|x64.Build.0 = Debug|Any CPU
		{3AA7DF74-5CC3-475B-A4AD-5091F46DC1EE}.Release|Any CPU.ActiveCfg = Release|Any CPU
		{3AA7DF74-5CC3-475B-A4AD-5091F46DC1EE}.Release|Any CPU.Build.0 = Release|Any CPU
		{3AA7DF74-5CC3-475B-A4AD-5091F46DC1EE}.Release|x64.ActiveCfg = Release|Any CPU
		{3AA7DF74-5CC3-475B-A4AD-5091F46DC1EE}.Release|x64.Build.0 = Release|Any CPU
		{A4FD3349-F779-4C60-A19B-AE11811391B2}.Debug|Any CPU.ActiveCfg = Debug|Any CPU
		{A4FD3349-F779-4C60-A19B-AE11811391B2}.Debug|Any CPU.Build.0 = Debug|Any CPU
		{A4FD3349-F779-4C60-A19B-AE11811391B2}.Debug|x64.ActiveCfg = Debug|Any CPU
		{A4FD3349-F779-4C60-A19B-AE11811391B2}.Debug|x64.Build.0 = Debug|Any CPU
		{A4FD3349-F779-4C60-A19B-AE11811391B2}.Release|Any CPU.ActiveCfg = Release|Any CPU
		{A4FD3349-F779-4C60-A19B-AE11811391B2}.Release|Any CPU.Build.0 = Release|Any CPU
		{A4FD3349-F779-4C60-A19B-AE11811391B2}.Release|x64.ActiveCfg = Release|Any CPU
		{A4FD3349-F779-4C60-A19B-AE11811391B2}.Release|x64.Build.0 = Release|Any CPU
		{C305A888-FCC8-43B2-8929-30CE1BE359F6}.Debug|Any CPU.ActiveCfg = Debug|Any CPU
		{C305A888-FCC8-43B2-8929-30CE1BE359F6}.Debug|Any CPU.Build.0 = Debug|Any CPU
		{C305A888-FCC8-43B2-8929-30CE1BE359F6}.Debug|x64.ActiveCfg = Debug|x64
		{C305A888-FCC8-43B2-8929-30CE1BE359F6}.Debug|x64.Build.0 = Debug|x64
		{C305A888-FCC8-43B2-8929-30CE1BE359F6}.Release|Any CPU.ActiveCfg = Release|Any CPU
		{C305A888-FCC8-43B2-8929-30CE1BE359F6}.Release|Any CPU.Build.0 = Release|Any CPU
		{C305A888-FCC8-43B2-8929-30CE1BE359F6}.Release|x64.ActiveCfg = Release|x64
		{C305A888-FCC8-43B2-8929-30CE1BE359F6}.Release|x64.Build.0 = Release|x64
		{5D01AFDC-523E-4544-BC09-2A0070CCF1B1}.Debug|Any CPU.ActiveCfg = Debug|Any CPU
		{5D01AFDC-523E-4544-BC09-2A0070CCF1B1}.Debug|Any CPU.Build.0 = Debug|Any CPU
		{5D01AFDC-523E-4544-BC09-2A0070CCF1B1}.Debug|x64.ActiveCfg = Debug|Any CPU
		{5D01AFDC-523E-4544-BC09-2A0070CCF1B1}.Debug|x64.Build.0 = Debug|Any CPU
		{5D01AFDC-523E-4544-BC09-2A0070CCF1B1}.Release|Any CPU.ActiveCfg = Release|Any CPU
		{5D01AFDC-523E-4544-BC09-2A0070CCF1B1}.Release|Any CPU.Build.0 = Release|Any CPU
		{5D01AFDC-523E-4544-BC09-2A0070CCF1B1}.Release|x64.ActiveCfg = Release|Any CPU
		{5D01AFDC-523E-4544-BC09-2A0070CCF1B1}.Release|x64.Build.0 = Release|Any CPU
		{CD43711C-1732-49B1-8120-872135F8491D}.Debug|Any CPU.ActiveCfg = Debug|Any CPU
		{CD43711C-1732-49B1-8120-872135F8491D}.Debug|Any CPU.Build.0 = Debug|Any CPU
		{CD43711C-1732-49B1-8120-872135F8491D}.Debug|x64.ActiveCfg = Debug|Any CPU
		{CD43711C-1732-49B1-8120-872135F8491D}.Debug|x64.Build.0 = Debug|Any CPU
		{CD43711C-1732-49B1-8120-872135F8491D}.Release|Any CPU.ActiveCfg = Release|Any CPU
		{CD43711C-1732-49B1-8120-872135F8491D}.Release|Any CPU.Build.0 = Release|Any CPU
		{CD43711C-1732-49B1-8120-872135F8491D}.Release|x64.ActiveCfg = Release|Any CPU
		{CD43711C-1732-49B1-8120-872135F8491D}.Release|x64.Build.0 = Release|Any CPU
		{C95B3533-5FDA-4AEB-B396-B062D4A05625}.Debug|Any CPU.ActiveCfg = Debug|Any CPU
		{C95B3533-5FDA-4AEB-B396-B062D4A05625}.Debug|Any CPU.Build.0 = Debug|Any CPU
		{C95B3533-5FDA-4AEB-B396-B062D4A05625}.Debug|x64.ActiveCfg = Debug|Any CPU
		{C95B3533-5FDA-4AEB-B396-B062D4A05625}.Debug|x64.Build.0 = Debug|Any CPU
		{C95B3533-5FDA-4AEB-B396-B062D4A05625}.Release|Any CPU.ActiveCfg = Release|Any CPU
		{C95B3533-5FDA-4AEB-B396-B062D4A05625}.Release|Any CPU.Build.0 = Release|Any CPU
		{C95B3533-5FDA-4AEB-B396-B062D4A05625}.Release|x64.ActiveCfg = Release|Any CPU
		{C95B3533-5FDA-4AEB-B396-B062D4A05625}.Release|x64.Build.0 = Release|Any CPU
		{17E6C9EB-C028-4660-B540-3F4739E6F1BE}.Debug|Any CPU.ActiveCfg = Debug|Any CPU
		{17E6C9EB-C028-4660-B540-3F4739E6F1BE}.Debug|Any CPU.Build.0 = Debug|Any CPU
		{17E6C9EB-C028-4660-B540-3F4739E6F1BE}.Debug|x64.ActiveCfg = Debug|Any CPU
		{17E6C9EB-C028-4660-B540-3F4739E6F1BE}.Debug|x64.Build.0 = Debug|Any CPU
		{17E6C9EB-C028-4660-B540-3F4739E6F1BE}.Release|Any CPU.ActiveCfg = Release|Any CPU
		{17E6C9EB-C028-4660-B540-3F4739E6F1BE}.Release|Any CPU.Build.0 = Release|Any CPU
		{17E6C9EB-C028-4660-B540-3F4739E6F1BE}.Release|x64.ActiveCfg = Release|Any CPU
		{17E6C9EB-C028-4660-B540-3F4739E6F1BE}.Release|x64.Build.0 = Release|Any CPU
		{22EA460A-DFD9-449E-842E-C26F7D1AA58A}.Debug|Any CPU.ActiveCfg = Debug|Any CPU
		{22EA460A-DFD9-449E-842E-C26F7D1AA58A}.Debug|Any CPU.Build.0 = Debug|Any CPU
		{22EA460A-DFD9-449E-842E-C26F7D1AA58A}.Debug|x64.ActiveCfg = Debug|Any CPU
		{22EA460A-DFD9-449E-842E-C26F7D1AA58A}.Debug|x64.Build.0 = Debug|Any CPU
		{22EA460A-DFD9-449E-842E-C26F7D1AA58A}.Release|Any CPU.ActiveCfg = Release|Any CPU
		{22EA460A-DFD9-449E-842E-C26F7D1AA58A}.Release|Any CPU.Build.0 = Release|Any CPU
		{22EA460A-DFD9-449E-842E-C26F7D1AA58A}.Release|x64.ActiveCfg = Release|Any CPU
		{22EA460A-DFD9-449E-842E-C26F7D1AA58A}.Release|x64.Build.0 = Release|Any CPU
		{AEFB4BF2-44E5-4E18-8ACF-D884F63CCA30}.Debug|Any CPU.ActiveCfg = Debug|Any CPU
		{AEFB4BF2-44E5-4E18-8ACF-D884F63CCA30}.Debug|Any CPU.Build.0 = Debug|Any CPU
		{AEFB4BF2-44E5-4E18-8ACF-D884F63CCA30}.Debug|x64.ActiveCfg = Debug|Any CPU
		{AEFB4BF2-44E5-4E18-8ACF-D884F63CCA30}.Debug|x64.Build.0 = Debug|Any CPU
		{AEFB4BF2-44E5-4E18-8ACF-D884F63CCA30}.Release|Any CPU.ActiveCfg = Release|Any CPU
		{AEFB4BF2-44E5-4E18-8ACF-D884F63CCA30}.Release|Any CPU.Build.0 = Release|Any CPU
		{AEFB4BF2-44E5-4E18-8ACF-D884F63CCA30}.Release|x64.ActiveCfg = Release|Any CPU
		{AEFB4BF2-44E5-4E18-8ACF-D884F63CCA30}.Release|x64.Build.0 = Release|Any CPU
		{3186C912-CAA0-4313-9A5A-C6D4A0E223AE}.Debug|Any CPU.ActiveCfg = Debug|Any CPU
		{3186C912-CAA0-4313-9A5A-C6D4A0E223AE}.Debug|Any CPU.Build.0 = Debug|Any CPU
		{3186C912-CAA0-4313-9A5A-C6D4A0E223AE}.Debug|x64.ActiveCfg = Debug|Any CPU
		{3186C912-CAA0-4313-9A5A-C6D4A0E223AE}.Debug|x64.Build.0 = Debug|Any CPU
		{3186C912-CAA0-4313-9A5A-C6D4A0E223AE}.Release|Any CPU.ActiveCfg = Release|Any CPU
		{3186C912-CAA0-4313-9A5A-C6D4A0E223AE}.Release|Any CPU.Build.0 = Release|Any CPU
		{3186C912-CAA0-4313-9A5A-C6D4A0E223AE}.Release|x64.ActiveCfg = Release|Any CPU
		{3186C912-CAA0-4313-9A5A-C6D4A0E223AE}.Release|x64.Build.0 = Release|Any CPU
		{8FDF4C55-1C8E-488C-8D4F-66F04BE6299D}.Debug|Any CPU.ActiveCfg = Debug|Any CPU
		{8FDF4C55-1C8E-488C-8D4F-66F04BE6299D}.Debug|Any CPU.Build.0 = Debug|Any CPU
		{8FDF4C55-1C8E-488C-8D4F-66F04BE6299D}.Debug|x64.ActiveCfg = Debug|Any CPU
		{8FDF4C55-1C8E-488C-8D4F-66F04BE6299D}.Debug|x64.Build.0 = Debug|Any CPU
		{8FDF4C55-1C8E-488C-8D4F-66F04BE6299D}.Release|Any CPU.ActiveCfg = Release|Any CPU
		{8FDF4C55-1C8E-488C-8D4F-66F04BE6299D}.Release|Any CPU.Build.0 = Release|Any CPU
		{8FDF4C55-1C8E-488C-8D4F-66F04BE6299D}.Release|x64.ActiveCfg = Release|Any CPU
		{8FDF4C55-1C8E-488C-8D4F-66F04BE6299D}.Release|x64.Build.0 = Release|Any CPU
		{E81C81B3-3FF3-4E1C-B348-C7997D892020}.Debug|Any CPU.ActiveCfg = Debug|Any CPU
		{E81C81B3-3FF3-4E1C-B348-C7997D892020}.Debug|Any CPU.Build.0 = Debug|Any CPU
		{E81C81B3-3FF3-4E1C-B348-C7997D892020}.Debug|x64.ActiveCfg = Debug|Any CPU
		{E81C81B3-3FF3-4E1C-B348-C7997D892020}.Debug|x64.Build.0 = Debug|Any CPU
		{E81C81B3-3FF3-4E1C-B348-C7997D892020}.Release|Any CPU.ActiveCfg = Release|Any CPU
		{E81C81B3-3FF3-4E1C-B348-C7997D892020}.Release|Any CPU.Build.0 = Release|Any CPU
		{E81C81B3-3FF3-4E1C-B348-C7997D892020}.Release|x64.ActiveCfg = Release|Any CPU
		{E81C81B3-3FF3-4E1C-B348-C7997D892020}.Release|x64.Build.0 = Release|Any CPU
		{3094D318-5B54-4367-8195-D47FB431FCB2}.Debug|Any CPU.ActiveCfg = Debug|Any CPU
		{3094D318-5B54-4367-8195-D47FB431FCB2}.Debug|Any CPU.Build.0 = Debug|Any CPU
		{3094D318-5B54-4367-8195-D47FB431FCB2}.Debug|x64.ActiveCfg = Debug|Any CPU
		{3094D318-5B54-4367-8195-D47FB431FCB2}.Debug|x64.Build.0 = Debug|Any CPU
		{3094D318-5B54-4367-8195-D47FB431FCB2}.Release|Any CPU.ActiveCfg = Release|Any CPU
		{3094D318-5B54-4367-8195-D47FB431FCB2}.Release|Any CPU.Build.0 = Release|Any CPU
		{3094D318-5B54-4367-8195-D47FB431FCB2}.Release|x64.ActiveCfg = Release|Any CPU
		{3094D318-5B54-4367-8195-D47FB431FCB2}.Release|x64.Build.0 = Release|Any CPU
		{DD446126-ABF5-452B-AE93-89A6E6EEF5E5}.Debug|Any CPU.ActiveCfg = Debug|Any CPU
		{DD446126-ABF5-452B-AE93-89A6E6EEF5E5}.Debug|Any CPU.Build.0 = Debug|Any CPU
		{DD446126-ABF5-452B-AE93-89A6E6EEF5E5}.Debug|x64.ActiveCfg = Debug|Any CPU
		{DD446126-ABF5-452B-AE93-89A6E6EEF5E5}.Debug|x64.Build.0 = Debug|Any CPU
		{DD446126-ABF5-452B-AE93-89A6E6EEF5E5}.Release|Any CPU.ActiveCfg = Release|Any CPU
		{DD446126-ABF5-452B-AE93-89A6E6EEF5E5}.Release|Any CPU.Build.0 = Release|Any CPU
		{DD446126-ABF5-452B-AE93-89A6E6EEF5E5}.Release|x64.ActiveCfg = Release|Any CPU
		{DD446126-ABF5-452B-AE93-89A6E6EEF5E5}.Release|x64.Build.0 = Release|Any CPU
		{8AE9C2EB-C36D-4122-BE61-A5EEC8BBE8E7}.Debug|Any CPU.ActiveCfg = Debug|Any CPU
		{8AE9C2EB-C36D-4122-BE61-A5EEC8BBE8E7}.Debug|Any CPU.Build.0 = Debug|Any CPU
		{8AE9C2EB-C36D-4122-BE61-A5EEC8BBE8E7}.Debug|x64.ActiveCfg = Debug|Any CPU
		{8AE9C2EB-C36D-4122-BE61-A5EEC8BBE8E7}.Debug|x64.Build.0 = Debug|Any CPU
		{8AE9C2EB-C36D-4122-BE61-A5EEC8BBE8E7}.Release|Any CPU.ActiveCfg = Release|Any CPU
		{8AE9C2EB-C36D-4122-BE61-A5EEC8BBE8E7}.Release|Any CPU.Build.0 = Release|Any CPU
		{8AE9C2EB-C36D-4122-BE61-A5EEC8BBE8E7}.Release|x64.ActiveCfg = Release|Any CPU
		{8AE9C2EB-C36D-4122-BE61-A5EEC8BBE8E7}.Release|x64.Build.0 = Release|Any CPU
	EndGlobalSection
	GlobalSection(SolutionProperties) = preSolution
		HideSolutionNode = FALSE
	EndGlobalSection
	GlobalSection(NestedProjects) = preSolution
		{3AA7DF74-5CC3-475B-A4AD-5091F46DC1EE} = {793B9D90-DE72-4226-84E8-93FD63548874}
		{A4FD3349-F779-4C60-A19B-AE11811391B2} = {793B9D90-DE72-4226-84E8-93FD63548874}
		{C305A888-FCC8-43B2-8929-30CE1BE359F6} = {10A06ACB-8070-4108-9BF9-AD48D546B56D}
		{5D01AFDC-523E-4544-BC09-2A0070CCF1B1} = {83503C82-E463-4365-B2AE-329130CAF171}
		{CD43711C-1732-49B1-8120-872135F8491D} = {B5E7FD5D-BC66-4679-9029-B4085F8A79F8}
		{C95B3533-5FDA-4AEB-B396-B062D4A05625} = {B5E7FD5D-BC66-4679-9029-B4085F8A79F8}
		{17E6C9EB-C028-4660-B540-3F4739E6F1BE} = {B5E7FD5D-BC66-4679-9029-B4085F8A79F8}
		{22EA460A-DFD9-449E-842E-C26F7D1AA58A} = {B5E7FD5D-BC66-4679-9029-B4085F8A79F8}
		{AEFB4BF2-44E5-4E18-8ACF-D884F63CCA30} = {B5E7FD5D-BC66-4679-9029-B4085F8A79F8}
		{3186C912-CAA0-4313-9A5A-C6D4A0E223AE} = {B5E7FD5D-BC66-4679-9029-B4085F8A79F8}
		{8FDF4C55-1C8E-488C-8D4F-66F04BE6299D} = {10A06ACB-8070-4108-9BF9-AD48D546B56D}
		{E81C81B3-3FF3-4E1C-B348-C7997D892020} = {793B9D90-DE72-4226-84E8-93FD63548874}
		{3094D318-5B54-4367-8195-D47FB431FCB2} = {793B9D90-DE72-4226-84E8-93FD63548874}
		{DD446126-ABF5-452B-AE93-89A6E6EEF5E5} = {793B9D90-DE72-4226-84E8-93FD63548874}
		{8AE9C2EB-C36D-4122-BE61-A5EEC8BBE8E7} = {10A06ACB-8070-4108-9BF9-AD48D546B56D}
	EndGlobalSection
	GlobalSection(ExtensibilityGlobals) = postSolution
		SolutionGuid = {3B239B2D-8C12-47AC-BA53-BB2A3E5BFDB6}
	EndGlobalSection
EndGlobal
